
Microsoft Visual Studio Solution File, Format Version 12.00
# Visual Studio Version 16
VisualStudioVersion = 16.0.33529.622
MinimumVisualStudioVersion = 10.0.40219.1
Project("{FAE04EC0-301F-11D3-BF4B-00C04F79EFBC}") = "SalesWebMvc", "SalesWebMvc\SalesWebMvc.csproj", "{6291FEBD-7DBE-47D1-895F-1F4753DFEE01}"
EndProject
Global
	GlobalSection(SolutionConfigurationPlatforms) = preSolution
		Debug|Any CPU = Debug|Any CPU
		Release|Any CPU = Release|Any CPU
	EndGlobalSection
	GlobalSection(ProjectConfigurationPlatforms) = postSolution
		{6291FEBD-7DBE-47D1-895F-1F4753DFEE01}.Debug|Any CPU.ActiveCfg = Debug|Any CPU
		{6291FEBD-7DBE-47D1-895F-1F4753DFEE01}.Debug|Any CPU.Build.0 = Debug|Any CPU
		{6291FEBD-7DBE-47D1-895F-1F4753DFEE01}.Release|Any CPU.ActiveCfg = Release|Any CPU
		{6291FEBD-7DBE-47D1-895F-1F4753DFEE01}.Release|Any CPU.Build.0 = Release|Any CPU
	EndGlobalSection
	GlobalSection(SolutionProperties) = preSolution
		HideSolutionNode = FALSE
	EndGlobalSection
	GlobalSection(ExtensibilityGlobals) = postSolution
		SolutionGuid = {112189A5-4AE4-4072-A3E5-836AE2D6C99C}
	EndGlobalSection
EndGlobal
